
Microsoft Visual Studio Solution File, Format Version 12.00
# Visual Studio 14
VisualStudioVersion = 14.0.25420.1
MinimumVisualStudioVersion = 10.0.40219.1
Project("{FAE04EC0-301F-11D3-BF4B-00C04F79EFBC}") = "University.Models", "Models\University.Models.csproj", "{45EFB7E7-7532-422B-9D4C-C9D89402758A}"
EndProject
Project("{FAE04EC0-301F-11D3-BF4B-00C04F79EFBC}") = "Sist.Datalayer", "Sist.Datalayer\Sist.Datalayer.csproj", "{1AF0FC47-F855-4417-B95C-E109B8AD08A4}"
EndProject
Project("{2150E333-8FDC-42A3-9474-1A3956D46DE8}") = "Factories", "Factories", "{9D3A4835-19CC-4102-A423-F8B003B772E1}"
EndProject
Project("{2150E333-8FDC-42A3-9474-1A3956D46DE8}") = "Repositories", "Repositories", "{BD52AE3F-65C7-43CF-80D2-EBDD658E8EEE}"
EndProject
Project("{FAE04EC0-301F-11D3-BF4B-00C04F79EFBC}") = "University.Web", "University.Web\University.Web.csproj", "{05FFB406-9B0D-4E6E-9199-407274169D1C}"
EndProject
Project("{FAE04EC0-301F-11D3-BF4B-00C04F79EFBC}") = "University.Factory", "University.Factory\University.Factory.csproj", "{002C1813-7DF7-446A-B0D5-AF1935B3C6FF}"
EndProject
Global
	GlobalSection(SolutionConfigurationPlatforms) = preSolution
		Debug|Any CPU = Debug|Any CPU
		Release|Any CPU = Release|Any CPU
	EndGlobalSection
	GlobalSection(ProjectConfigurationPlatforms) = postSolution
		{45EFB7E7-7532-422B-9D4C-C9D89402758A}.Debug|Any CPU.ActiveCfg = Debug|Any CPU
		{45EFB7E7-7532-422B-9D4C-C9D89402758A}.Debug|Any CPU.Build.0 = Debug|Any CPU
		{45EFB7E7-7532-422B-9D4C-C9D89402758A}.Release|Any CPU.ActiveCfg = Release|Any CPU
		{45EFB7E7-7532-422B-9D4C-C9D89402758A}.Release|Any CPU.Build.0 = Release|Any CPU
		{1AF0FC47-F855-4417-B95C-E109B8AD08A4}.Debug|Any CPU.ActiveCfg = Debug|Any CPU
		{1AF0FC47-F855-4417-B95C-E109B8AD08A4}.Debug|Any CPU.Build.0 = Debug|Any CPU
		{1AF0FC47-F855-4417-B95C-E109B8AD08A4}.Release|Any CPU.ActiveCfg = Release|Any CPU
		{1AF0FC47-F855-4417-B95C-E109B8AD08A4}.Release|Any CPU.Build.0 = Release|Any CPU
		{05FFB406-9B0D-4E6E-9199-407274169D1C}.Debug|Any CPU.ActiveCfg = Debug|Any CPU
		{05FFB406-9B0D-4E6E-9199-407274169D1C}.Debug|Any CPU.Build.0 = Debug|Any CPU
		{05FFB406-9B0D-4E6E-9199-407274169D1C}.Release|Any CPU.ActiveCfg = Release|Any CPU
		{05FFB406-9B0D-4E6E-9199-407274169D1C}.Release|Any CPU.Build.0 = Release|Any CPU
		{002C1813-7DF7-446A-B0D5-AF1935B3C6FF}.Debug|Any CPU.ActiveCfg = Debug|Any CPU
		{002C1813-7DF7-446A-B0D5-AF1935B3C6FF}.Debug|Any CPU.Build.0 = Debug|Any CPU
		{002C1813-7DF7-446A-B0D5-AF1935B3C6FF}.Release|Any CPU.ActiveCfg = Release|Any CPU
		{002C1813-7DF7-446A-B0D5-AF1935B3C6FF}.Release|Any CPU.Build.0 = Release|Any CPU
	EndGlobalSection
	GlobalSection(SolutionProperties) = preSolution
		HideSolutionNode = FALSE
	EndGlobalSection
	GlobalSection(NestedProjects) = preSolution
		{1AF0FC47-F855-4417-B95C-E109B8AD08A4} = {BD52AE3F-65C7-43CF-80D2-EBDD658E8EEE}
		{002C1813-7DF7-446A-B0D5-AF1935B3C6FF} = {9D3A4835-19CC-4102-A423-F8B003B772E1}
	EndGlobalSection
EndGlobal
